
Microsoft Visual Studio Solution File, Format Version 12.00
# Visual Studio Version 16
VisualStudioVersion = 16.0.28803.352
MinimumVisualStudioVersion = 10.0.40219.1
Project("{FAE04EC0-301F-11D3-BF4B-00C04F79EFBC}") = "Mantis.Automacao.tst", "Mantis.Automacao.tst\Mantis.Automacao.tst.csproj", "{F510C4E4-917A-411A-A615-51C65B53527C}"
EndProject
Global
	GlobalSection(SolutionConfigurationPlatforms) = preSolution
		Debug|Any CPU = Debug|Any CPU
		Release|Any CPU = Release|Any CPU
	EndGlobalSection
	GlobalSection(ProjectConfigurationPlatforms) = postSolution
		{F510C4E4-917A-411A-A615-51C65B53527C}.Debug|Any CPU.ActiveCfg = Debug|Any CPU
		{F510C4E4-917A-411A-A615-51C65B53527C}.Debug|Any CPU.Build.0 = Debug|Any CPU
		{F510C4E4-917A-411A-A615-51C65B53527C}.Release|Any CPU.ActiveCfg = Release|Any CPU
		{F510C4E4-917A-411A-A615-51C65B53527C}.Release|Any CPU.Build.0 = Release|Any CPU
	EndGlobalSection
	GlobalSection(SolutionProperties) = preSolution
		HideSolutionNode = FALSE
	EndGlobalSection
	GlobalSection(ExtensibilityGlobals) = postSolution
		SolutionGuid = {5FF16D14-C5C7-4FEF-BF35-53F41B340454}
	EndGlobalSection
EndGlobal
